{
  "name": "ndn-workspace-compiler",
  "version": "1.0.0",
  "lockfileVersion": 3,
  "requires": true,
  "packages": {
    "": {
      "name": "ndn-workspace-compiler",
      "version": "1.0.0",
      "license": "ISC",
      "dependencies": {
        "@ndn/endpoint": "https://ndnts-nightly.ndn.today/endpoint.tgz",
        "@ndn/fw": "https://ndnts-nightly.ndn.today/fw.tgz",
        "@ndn/nfdmgmt": "https://ndnts-nightly.ndn.today/nfdmgmt.tgz",
        "@ndn/node-transport": "https://ndnts-nightly.ndn.today/node-transport.tgz",
        "@ndn/packet": "https://ndnts-nightly.ndn.today/packet.tgz",
        "@ndn/segmented-object": "https://ndnts-nightly.ndn.today/segmented-object.tgz",
        "@ndn/tlv": "https://ndnts-nightly.ndn.today/tlv.tgz",
        "p-lazy": "^4.0.0"
      }
    },
    "node_modules/@ndn/endpoint": {
      "version": "0.0.20231110-nightly-0b24c59",
      "resolved": "https://ndnts-nightly.ndn.today/endpoint.tgz",
      "integrity": "sha512-nbifCVI5w0CMJ9+xjTNC4gy+jLjRwYokfmBNCb0dIB8OX9/+JTHnYa7SxY5mT2MrBB4WsSkvQkj+PAFue2WDDA==",
      "license": "ISC",
      "dependencies": {
        "@ndn/fw": "https://ndnts-nightly.ndn.today/fw.tgz",
        "@ndn/packet": "https://ndnts-nightly.ndn.today/packet.tgz",
        "@ndn/util": "https://ndnts-nightly.ndn.today/util.tgz",
        "applymixins": "^1.1.0",
        "it-pushable": "^3.2.1",
        "streaming-iterables": "^8.0.1",
        "tslib": "^2.6.2"
      }
    },
    "node_modules/@ndn/fw": {
      "version": "0.0.20231110-nightly-0b24c59",
      "resolved": "https://ndnts-nightly.ndn.today/fw.tgz",
      "integrity": "sha512-ydztLCx9tOQ3Fv8c2/Yd9PDxWWJiYxFoAE9Vfx6uP2ISC1J6h2q14A7UqWBzrIpu4RHomXnPxQgB708K1AnaPQ==",
      "license": "ISC",
      "dependencies": {
        "@ndn/packet": "https://ndnts-nightly.ndn.today/packet.tgz",
        "@ndn/util": "https://ndnts-nightly.ndn.today/util.tgz",
        "@types/retry": "^0.12.5",
        "hirestime": "^7.0.3",
        "it-pushable": "^3.2.1",
        "mnemonist": "^0.39.5",
        "retry": "^0.13.1",
        "streaming-iterables": "^8.0.1",
        "tslib": "^2.6.2",
        "typescript-event-target": "^1.1.0"
      }
    },
    "node_modules/@ndn/keychain": {
      "version": "0.0.20231110-nightly-0b24c59",
      "resolved": "https://ndnts-nightly.ndn.today/keychain.tgz",
      "integrity": "sha512-mLNh0tHubqNvAF4XQUyFUapavNUbeSlXhtF7RnFehqjj2vIG0c1k4jRcLvSPGVS1C/M+7Nxr2exSl1TtEtyG6g==",
      "license": "ISC",
      "dependencies": {
        "@ndn/naming-convention2": "https://ndnts-nightly.ndn.today/naming-convention2.tgz",
        "@ndn/packet": "https://ndnts-nightly.ndn.today/packet.tgz",
        "@ndn/tlv": "https://ndnts-nightly.ndn.today/tlv.tgz",
        "@ndn/util": "https://ndnts-nightly.ndn.today/util.tgz",
        "@yoursunny/asn1": "0.0.20200718",
        "@yoursunny/webcrypto-ed25519": "0.0.20230624",
        "idb-keyval": "^6.2.1",
        "mnemonist": "^0.39.5",
        "throat": "^6.0.2",
        "tslib": "^2.6.2"
      }
    },
    "node_modules/@ndn/l3face": {
      "version": "0.0.20231110-nightly-0b24c59",
      "resolved": "https://ndnts-nightly.ndn.today/l3face.tgz",
      "integrity": "sha512-ubszSQHLam46K6IILI2bupjiyfQip/D57gHqJ1cnqS6GE/nkOsgwQkyd4faCwdq8rEXLq+bBkxuJdx31FYeBCg==",
      "license": "ISC",
      "dependencies": {
        "@ndn/fw": "https://ndnts-nightly.ndn.today/fw.tgz",
        "@ndn/lp": "https://ndnts-nightly.ndn.today/lp.tgz",
        "@ndn/packet": "https://ndnts-nightly.ndn.today/packet.tgz",
        "@ndn/tlv": "https://ndnts-nightly.ndn.today/tlv.tgz",
        "@ndn/util": "https://ndnts-nightly.ndn.today/util.tgz",
        "abortable-iterator": "^5.0.1",
        "it-pushable": "^3.2.1",
        "p-event": "^6.0.0",
        "retry": "^0.13.1",
        "streaming-iterables": "^8.0.1",
        "tslib": "^2.6.2",
        "type-fest": "^4.7.1",
        "typescript-event-target": "^1.1.0"
      }
    },
    "node_modules/@ndn/lp": {
      "version": "0.0.20231110-nightly-0b24c59",
      "resolved": "https://ndnts-nightly.ndn.today/lp.tgz",
      "integrity": "sha512-9gZz0D0DmjJvNsoAb1FEiKtwVAdwdAbm/D1DBkygpvoWEDP6XNm+HnIITv1GxpDLFTWt6aNwpU4QNgmfOGe97A==",
      "license": "ISC",
      "dependencies": {
        "@ndn/packet": "https://ndnts-nightly.ndn.today/packet.tgz",
        "@ndn/tlv": "https://ndnts-nightly.ndn.today/tlv.tgz",
        "@ndn/util": "https://ndnts-nightly.ndn.today/util.tgz",
        "it-keepalive": "^1.2.0",
        "tslib": "^2.6.2"
      }
    },
    "node_modules/@ndn/naming-convention2": {
      "version": "0.0.20231110-nightly-0b24c59",
      "resolved": "https://ndnts-nightly.ndn.today/naming-convention2.tgz",
      "integrity": "sha512-d+zPt2G2dS/p34eekz+l4Hb5I1uQka8zmECj7eQrVEyzW9FtMaN4drP13W4LtwGrnj3oBU5BrAdRYHwtaqx5pg==",
      "license": "ISC",
      "dependencies": {
        "@ndn/packet": "https://ndnts-nightly.ndn.today/packet.tgz",
        "@ndn/tlv": "https://ndnts-nightly.ndn.today/tlv.tgz",
        "@ndn/util": "https://ndnts-nightly.ndn.today/util.tgz",
        "tslib": "^2.6.2"
      }
    },
    "node_modules/@ndn/nfdmgmt": {
      "version": "0.0.20231110-nightly-0b24c59",
      "resolved": "https://ndnts-nightly.ndn.today/nfdmgmt.tgz",
      "integrity": "sha512-ju0UqJVDdlB3tTPuiQEj4YHxE/yKug2YnoKDVrj2GbzqMKjXSv+DkGOrRvzc2cuo40Fhk19DlnqgQAoIpsuNqg==",
      "license": "ISC",
      "dependencies": {
        "@ndn/endpoint": "https://ndnts-nightly.ndn.today/endpoint.tgz",
        "@ndn/fw": "https://ndnts-nightly.ndn.today/fw.tgz",
        "@ndn/keychain": "https://ndnts-nightly.ndn.today/keychain.tgz",
        "@ndn/packet": "https://ndnts-nightly.ndn.today/packet.tgz",
        "@ndn/tlv": "https://ndnts-nightly.ndn.today/tlv.tgz",
        "@ndn/util": "https://ndnts-nightly.ndn.today/util.tgz",
        "obliterator": "^2.0.4",
        "tslib": "^2.6.2"
      }
    },
    "node_modules/@ndn/node-transport": {
      "version": "0.0.20231110-nightly-0b24c59",
      "resolved": "https://ndnts-nightly.ndn.today/node-transport.tgz",
      "integrity": "sha512-rvIDb06dg2vLnYyHyI/v8SuM9LjXueWbl1MWF3Qm9Lb9yYW6E6NLUoZ0SSgRHREhhEW18joklieqsQIc/HC6HQ==",
      "license": "ISC",
      "dependencies": {
        "@ndn/l3face": "https://ndnts-nightly.ndn.today/l3face.tgz",
        "event-iterator": "^2.0.0",
        "tslib": "^2.6.2",
        "type-fest": "^4.7.1",
        "url-format-lax": "^2.0.0",
        "url-parse-lax": "^5.0.0"
      }
    },
    "node_modules/@ndn/packet": {
      "version": "0.0.20231110-nightly-0b24c59",
      "resolved": "https://ndnts-nightly.ndn.today/packet.tgz",
      "integrity": "sha512-IAwp7pWodiVIOln318MTTC8CsQ6vSzd1p422BvDzUjZuTOXGwt6jPuOPk2Ys+kPx6T/UL4LYBSWW+F8u0i+MZg==",
      "license": "ISC",
      "dependencies": {
        "@ndn/tlv": "https://ndnts-nightly.ndn.today/tlv.tgz",
        "@ndn/util": "https://ndnts-nightly.ndn.today/util.tgz",
        "buffer-compare": "^1.1.1",
        "mnemonist": "^0.39.5",
        "tslib": "^2.6.2",
        "type-fest": "^4.7.1"
      }
    },
    "node_modules/@ndn/segmented-object": {
      "version": "0.0.20231110-nightly-0b24c59",
      "resolved": "https://ndnts-nightly.ndn.today/segmented-object.tgz",
      "integrity": "sha512-dfqDUv0yZrqeeylvBsNWAtMh1KMLzoa+kuKYQe0v+ThPXcmpWPSNpu66AsuXIeWM0NmHfOVBh/JWpxsJ+Fwykw==",
      "license": "ISC",
      "dependencies": {
        "@ndn/endpoint": "https://ndnts-nightly.ndn.today/endpoint.tgz",
        "@ndn/fw": "https://ndnts-nightly.ndn.today/fw.tgz",
        "@ndn/naming-convention2": "https://ndnts-nightly.ndn.today/naming-convention2.tgz",
        "@ndn/packet": "https://ndnts-nightly.ndn.today/packet.tgz",
        "@ndn/util": "https://ndnts-nightly.ndn.today/util.tgz",
        "event-iterator": "^2.0.0",
        "hirestime": "^7.0.3",
        "mnemonist": "^0.39.5",
        "p-defer": "^4.0.0",
        "p-event": "^6.0.0",
        "p-lazy": "^4.0.0",
        "streaming-iterables": "^8.0.1",
        "tslib": "^2.6.2",
        "typescript-event-target": "^1.1.0"
      }
    },
    "node_modules/@ndn/tlv": {
      "version": "0.0.20231110-nightly-0b24c59",
      "resolved": "https://ndnts-nightly.ndn.today/tlv.tgz",
      "integrity": "sha512-go4NGZ66zTEJdDuPH7NtEgPrwUwV8exkkvI4USLicVmm9IDorSSfROAJsxJq/x7LcAUUYkYWJt3vH4mSDrAnPw==",
      "license": "ISC",
      "dependencies": {
        "@ndn/util": "https://ndnts-nightly.ndn.today/util.tgz",
        "mnemonist": "^0.39.5",
        "tslib": "^2.6.2"
      }
    },
    "node_modules/@ndn/util": {
      "version": "0.0.20231110-nightly-0b24c59",
      "resolved": "https://ndnts-nightly.ndn.today/util.tgz",
      "integrity": "sha512-tYB4YOXCQ4J1EiHqLc6Ve5L04WmcMsq6jSCbVg/CKw7xojHZGPQkMoPa+l7o1SvvoRe0CakIscR3bTWMCUMaIw==",
      "license": "ISC",
      "dependencies": {
        "@types/minimalistic-assert": "^1.0.3",
        "minimalistic-assert": "^1.0.1",
        "streaming-iterables": "^8.0.1",
        "tslib": "^2.6.2"
      },
      "engines": {
        "node": "^18.13.0 || ^20.0.0 || ^21.0.0"
      }
    },
    "node_modules/@noble/ed25519": {
      "version": "2.0.0",
      "resolved": "https://registry.npmjs.org/@noble/ed25519/-/ed25519-2.0.0.tgz",
      "integrity": "sha512-/extjhkwFupyopDrt80OMWKdLgP429qLZj+z6sYJz90rF2Iz0gjZh2ArMKPImUl13Kx+0EXI2hN9T/KJV0/Zng==",
      "funding": [
        {
          "type": "individual",
          "url": "https://paulmillr.com/funding/"
        }
      ]
    },
    "node_modules/@root/encoding": {
      "version": "1.0.1",
      "resolved": "https://registry.npmjs.org/@root/encoding/-/encoding-1.0.1.tgz",
      "integrity": "sha512-OaEub02ufoU038gy6bsNHQOjIn8nUjGiLcaRmJ40IUykneJkIW5fxDqKxQx48cszuNflYldsJLPPXCrGfHs8yQ=="
    },
    "node_modules/@types/minimalistic-assert": {
      "version": "1.0.3",
      "resolved": "https://registry.npmjs.org/@types/minimalistic-assert/-/minimalistic-assert-1.0.3.tgz",
      "integrity": "sha512-Ku87cam4YxiXcEpeUemo+vO8QWGQ7U2CwEEcLcYFhxG8b4CK8gWxSX/oWjePWKwqPaWWxxVqXAdAjGdlJtVzDA=="
    },
    "node_modules/@types/retry": {
      "version": "0.12.5",
      "resolved": "https://registry.npmjs.org/@types/retry/-/retry-0.12.5.tgz",
      "integrity": "sha512-3xSjTp3v03X/lSQLkczaN9UIEwJMoMCA1+Nb5HfbJEQWogdeQIyVtTvxPXDQjZ5zws8rFQfVfRdz03ARihPJgw=="
    },
    "node_modules/@types/root__asn1": {
      "version": "1.0.5",
      "resolved": "https://registry.npmjs.org/@types/root__asn1/-/root__asn1-1.0.5.tgz",
      "integrity": "sha512-halz3HrALf1N4pUJrtQrH6mdWPczXwshoWjuxmx49riKMJv2MZGKXnauk0RjlnRzM0rlwiAJRlMT9FtSjnF2kw=="
    },
    "node_modules/@yoursunny/asn1": {
      "version": "0.0.20200718",
      "resolved": "https://registry.npmjs.org/@yoursunny/asn1/-/asn1-0.0.20200718.tgz",
      "integrity": "sha512-PFM+/rP/GHm1i37NlbZp8+piK2WVzEbq8rai71dlNN+njF3gaUVKDPgmTRIs18j99XeM/n71NFiaGr4QPbHF3g==",
      "dependencies": {
        "@root/encoding": "^1.0.1",
        "@types/root__asn1": "^1.0.0"
      }
    },
    "node_modules/@yoursunny/webcrypto-ed25519": {
      "version": "0.0.20230624",
      "resolved": "https://registry.npmjs.org/@yoursunny/webcrypto-ed25519/-/webcrypto-ed25519-0.0.20230624.tgz",
      "integrity": "sha512-MK7bBOryLF1WeT8OUrohR+30yMXVukDSK1p6xPPYGJ+tYZPDkL2LzS+y+k8VKP5wl8aDCo3KRddGHQYnHjd57Q==",
      "dependencies": {
        "@noble/ed25519": "^2.0.0",
        "@yoursunny/asn1": "0.0.20200718",
        "b64u-lite": "^1.1.0",
        "compare-versions": "6.0.0-rc.1"
      }
    },
    "node_modules/abortable-iterator": {
      "version": "5.0.1",
      "resolved": "https://registry.npmjs.org/abortable-iterator/-/abortable-iterator-5.0.1.tgz",
      "integrity": "sha512-hlZ5Z8UwqrKsJcelVPEqDduZowJPBQJ9ZhBC2FXpja3lXy8X6MoI5uMzIgmrA8+3jcVnp8TF/tx+IBBqYJNUrg==",
      "dependencies": {
        "get-iterator": "^2.0.0",
        "it-stream-types": "^2.0.1"
      },
      "engines": {
        "node": ">=16.0.0",
        "npm": ">=7.0.0"
      }
    },
    "node_modules/applymixins": {
      "version": "1.1.0",
      "resolved": "https://registry.npmjs.org/applymixins/-/applymixins-1.1.0.tgz",
      "integrity": "sha512-mLvdWWGyCbRJyLC0BJCRu1m/642aVVq3kIwD1MWwmdedkVGwXVrx5D85EhkAtb4NgkCfVTDwacIhTDeX3gu55w=="
    },
    "node_modules/b64-lite": {
      "version": "1.4.0",
      "resolved": "https://registry.npmjs.org/b64-lite/-/b64-lite-1.4.0.tgz",
      "integrity": "sha512-aHe97M7DXt+dkpa8fHlCcm1CnskAHrJqEfMI0KN7dwqlzml/aUe1AGt6lk51HzrSfVD67xOso84sOpr+0wIe2w==",
      "dependencies": {
        "base-64": "^0.1.0"
      }
    },
    "node_modules/b64u-lite": {
      "version": "1.1.0",
      "resolved": "https://registry.npmjs.org/b64u-lite/-/b64u-lite-1.1.0.tgz",
      "integrity": "sha512-929qWGDVCRph7gQVTC6koHqQIpF4vtVaSbwLltFQo44B1bYUquALswZdBKFfrJCPEnsCOvWkJsPdQYZ/Ukhw8A==",
      "dependencies": {
        "b64-lite": "^1.4.0"
      }
    },
    "node_modules/base-64": {
      "version": "0.1.0",
      "resolved": "https://registry.npmjs.org/base-64/-/base-64-0.1.0.tgz",
      "integrity": "sha512-Y5gU45svrR5tI2Vt/X9GPd3L0HNIKzGu202EjxrXMpuc2V2CiKgemAbUUsqYmZJvPtCXoUKjNZwBJzsNScUbXA=="
    },
    "node_modules/buffer-compare": {
      "version": "1.1.1",
      "resolved": "https://registry.npmjs.org/buffer-compare/-/buffer-compare-1.1.1.tgz",
      "integrity": "sha512-O6NvNiHZMd3mlIeMDjP6t/gPG75OqGPeiRZXoMQZJ6iy9GofCls4Ijs5YkPZZwoysizLiedhticmdyx/GyHghA=="
    },
    "node_modules/compare-versions": {
      "version": "6.0.0-rc.1",
      "resolved": "https://registry.npmjs.org/compare-versions/-/compare-versions-6.0.0-rc.1.tgz",
      "integrity": "sha512-cFhkjbGY1jLFWIV7KegECbfuyYPxSGvgGkdkfM+ibboQDoPwg2FRHm5BSNTOApiauRBzJIQH7qvOJs2sW5ueKQ=="
    },
    "node_modules/event-iterator": {
      "version": "2.0.0",
      "resolved": "https://registry.npmjs.org/event-iterator/-/event-iterator-2.0.0.tgz",
      "integrity": "sha512-KGft0ldl31BZVV//jj+IAIGCxkvvUkkON+ScH6zfoX+l+omX6001ggyRSpI0Io2Hlro0ThXotswCtfzS8UkIiQ=="
    },
    "node_modules/get-iterator": {
      "version": "2.0.1",
      "resolved": "https://registry.npmjs.org/get-iterator/-/get-iterator-2.0.1.tgz",
      "integrity": "sha512-7HuY/hebu4gryTDT7O/XY/fvY9wRByEGdK6QOa4of8npTcv0+NS6frFKABcf6S9EBAsveTuKTsZQQBFMMNILIg=="
    },
    "node_modules/hirestime": {
      "version": "7.0.3",
      "resolved": "https://registry.npmjs.org/hirestime/-/hirestime-7.0.3.tgz",
      "integrity": "sha512-XmjAwwjLJlDjVVljWht/+Pb6vTfs6A0z2ZpaCkVmzEkwiZcO/+lbj1DsxpsDvkVprYHCmNBxTr7tUohdlxG2Hw==",
      "engines": {
        "node": ">=6.0"
      }
    },
    "node_modules/idb-keyval": {
      "version": "6.2.1",
      "resolved": "https://registry.npmjs.org/idb-keyval/-/idb-keyval-6.2.1.tgz",
      "integrity": "sha512-8Sb3veuYCyrZL+VBt9LJfZjLUPWVvqn8tG28VqYNFCo43KHcKuq+b4EiXGeuaLAQWL2YmyDgMp2aSpH9JHsEQg=="
    },
    "node_modules/it-keepalive": {
      "version": "1.2.0",
      "resolved": "https://registry.npmjs.org/it-keepalive/-/it-keepalive-1.2.0.tgz",
      "integrity": "sha512-YdV0VcVIkq0i26MFx9JC9tZcRApeJnOaLSDJEaNqJ55RjJHnUpCjPqeFj6An84lrP/Y9iNyHwHhgDOMF7nNbdw==",
      "dependencies": {
        "get-iterator": "^1.0.2"
      }
    },
    "node_modules/it-keepalive/node_modules/get-iterator": {
      "version": "1.0.2",
      "resolved": "https://registry.npmjs.org/get-iterator/-/get-iterator-1.0.2.tgz",
      "integrity": "sha512-v+dm9bNVfOYsY1OrhaCrmyOcYoSeVvbt+hHZ0Au+T+p1y+0Uyj9aMaGIeUTT6xdpRbWzDeYKvfOslPhggQMcsg=="
    },
    "node_modules/it-pushable": {
      "version": "3.2.3",
      "resolved": "https://registry.npmjs.org/it-pushable/-/it-pushable-3.2.3.tgz",
      "integrity": "sha512-gzYnXYK8Y5t5b/BnJUr7glfQLO4U5vyb05gPx/TyTw+4Bv1zM9gFk4YsOrnulWefMewlphCjKkakFvj1y99Tcg==",
      "dependencies": {
        "p-defer": "^4.0.0"
      }
    },
    "node_modules/it-stream-types": {
      "version": "2.0.1",
      "resolved": "https://registry.npmjs.org/it-stream-types/-/it-stream-types-2.0.1.tgz",
      "integrity": "sha512-6DmOs5r7ERDbvS4q8yLKENcj6Yecr7QQTqWApbZdfAUTEC947d+PEha7PCqhm//9oxaLYL7TWRekwhoXl2s6fg==",
      "engines": {
        "node": ">=16.0.0",
        "npm": ">=7.0.0"
      }
    },
    "node_modules/minimalistic-assert": {
      "version": "1.0.1",
      "resolved": "https://registry.npmjs.org/minimalistic-assert/-/minimalistic-assert-1.0.1.tgz",
      "integrity": "sha512-UtJcAD4yEaGtjPezWuO9wC4nwUnVH/8/Im3yEHQP4b67cXlD/Qr9hdITCU1xDbSEXg2XKNaP8jsReV7vQd00/A=="
    },
    "node_modules/mnemonist": {
      "version": "0.39.5",
      "resolved": "https://registry.npmjs.org/mnemonist/-/mnemonist-0.39.5.tgz",
      "integrity": "sha512-FPUtkhtJ0efmEFGpU14x7jGbTB+s18LrzRL2KgoWz9YvcY3cPomz8tih01GbHwnGk/OmkOKfqd/RAQoc8Lm7DQ==",
      "dependencies": {
        "obliterator": "^2.0.1"
      }
    },
    "node_modules/obliterator": {
      "version": "2.0.4",
      "resolved": "https://registry.npmjs.org/obliterator/-/obliterator-2.0.4.tgz",
      "integrity": "sha512-lgHwxlxV1qIg1Eap7LgIeoBWIMFibOjbrYPIPJZcI1mmGAI2m3lNYpK12Y+GBdPQ0U1hRwSord7GIaawz962qQ=="
    },
    "node_modules/p-defer": {
      "version": "4.0.0",
      "resolved": "https://registry.npmjs.org/p-defer/-/p-defer-4.0.0.tgz",
      "integrity": "sha512-Vb3QRvQ0Y5XnF40ZUWW7JfLogicVh/EnA5gBIvKDJoYpeI82+1E3AlB9yOcKFS0AhHrWVnAQO39fbR0G99IVEQ==",
      "engines": {
        "node": ">=12"
      },
      "funding": {
        "url": "https://github.com/sponsors/sindresorhus"
      }
    },
    "node_modules/p-event": {
      "version": "6.0.0",
      "resolved": "https://registry.npmjs.org/p-event/-/p-event-6.0.0.tgz",
      "integrity": "sha512-Xbfxd0CfZmHLGKXH32k1JKjQYX6Rkv0UtQdaFJ8OyNcf+c0oWCeXHc1C4CX/IESZLmcvfPa5aFIO/vCr5gqtag==",
      "dependencies": {
        "p-timeout": "^6.1.2"
      },
      "engines": {
        "node": ">=16.17"
      },
      "funding": {
        "url": "https://github.com/sponsors/sindresorhus"
      }
    },
    "node_modules/p-lazy": {
      "version": "4.0.0",
      "resolved": "https://registry.npmjs.org/p-lazy/-/p-lazy-4.0.0.tgz",
      "integrity": "sha512-8lIogVWwqBkiBy4FpylVHLalB9dZ25B2zBdY4OGGknDPWB7ehf2jyxmbh8z3MZsfbERLNU266h9Yx3cxHn3lFg==",
      "engines": {
        "node": ">=12"
      },
      "funding": {
        "url": "https://github.com/sponsors/sindresorhus"
      }
    },
    "node_modules/p-timeout": {
      "version": "6.1.2",
      "resolved": "https://registry.npmjs.org/p-timeout/-/p-timeout-6.1.2.tgz",
      "integrity": "sha512-UbD77BuZ9Bc9aABo74gfXhNvzC9Tx7SxtHSh1fxvx3jTLLYvmVhiQZZrJzqqU0jKbN32kb5VOKiLEQI/3bIjgQ==",
      "engines": {
        "node": ">=14.16"
      },
      "funding": {
        "url": "https://github.com/sponsors/sindresorhus"
      }
    },
    "node_modules/prepend-http": {
      "version": "4.0.0",
      "resolved": "https://registry.npmjs.org/prepend-http/-/prepend-http-4.0.0.tgz",
      "integrity": "sha512-s6SRDuOuRo7JXWh7115pmJdh53sX0Azuk/3znjVxSoD4GusXzzBDrLQgH0rspeHNs5f+Yihz7JIT3UBMwFEn6Q==",
      "engines": {
        "node": "^12.20.0 || ^14.13.1 || >=16.0.0"
      },
      "funding": {
        "url": "https://github.com/sponsors/sindresorhus"
      }
    },
    "node_modules/retry": {
      "version": "0.13.1",
      "resolved": "https://registry.npmjs.org/retry/-/retry-0.13.1.tgz",
      "integrity": "sha512-XQBQ3I8W1Cge0Seh+6gjj03LbmRFWuoszgK9ooCpwYIrhhoO80pfq4cUkU5DkknwfOfFteRwlZ56PYOGYyFWdg==",
      "engines": {
        "node": ">= 4"
      }
    },
    "node_modules/streaming-iterables": {
      "version": "8.0.1",
      "resolved": "https://registry.npmjs.org/streaming-iterables/-/streaming-iterables-8.0.1.tgz",
      "integrity": "sha512-yfQdmUB1b+rGLZkD/r6YisT/eNOjZxBAckXKlzYNmRJnwSzHaiScykD8gsQceFcShtK09qAbLhOqvzIpnBPoDQ==",
      "engines": {
        "node": ">=18"
      }
    },
    "node_modules/throat": {
      "version": "6.0.2",
      "resolved": "https://registry.npmjs.org/throat/-/throat-6.0.2.tgz",
      "integrity": "sha512-WKexMoJj3vEuK0yFEapj8y64V0A6xcuPuK9Gt1d0R+dzCSJc0lHqQytAbSB4cDAK0dWh4T0E2ETkoLE2WZ41OQ=="
    },
    "node_modules/tslib": {
      "version": "2.6.2",
      "resolved": "https://registry.npmjs.org/tslib/-/tslib-2.6.2.tgz",
      "integrity": "sha512-AEYxH93jGFPn/a2iVAwW87VuUIkR1FVUKB77NwMF7nBTDkDrrT/Hpt/IrCJ0QXhW27jTBDcf5ZY7w6RiqTMw2Q=="
    },
    "node_modules/type-fest": {
      "version": "4.8.2",
      "resolved": "https://registry.npmjs.org/type-fest/-/type-fest-4.8.2.tgz",
      "integrity": "sha512-mcvrCjixA5166hSrUoJgGb9gBQN4loMYyj9zxuMs/66ibHNEFd5JXMw37YVDx58L4/QID9jIzdTBB4mDwDJ6KQ==",
      "engines": {
        "node": ">=16"
      },
      "funding": {
        "url": "https://github.com/sponsors/sindresorhus"
      }
    },
    "node_modules/typescript-event-target": {
      "version": "1.1.0",
      "resolved": "https://registry.npmjs.org/typescript-event-target/-/typescript-event-target-1.1.0.tgz",
      "integrity": "sha512-PMrzUVryhnUq2n8M7tjNHNRuIHlUqly5RfGltBTpPCdVpbytgALTRDegF/t6+mFmmtBVhOqEYlbjVNBxwabIug=="
    },
    "node_modules/url-format-lax": {
      "version": "2.0.0",
      "resolved": "https://registry.npmjs.org/url-format-lax/-/url-format-lax-2.0.0.tgz",
      "integrity": "sha512-CkiFchmVicSktYp7Ide7BEJ1iUU4qFtqjawRQXmwW25e32nxzfFNFTn9+6SgQUvl1n6k3DbPz7vxmy+XtiSRLw==",
      "engines": {
        "node": ">=12"
      },
      "funding": {
        "url": "https://github.com/sponsors/sindresorhus"
      }
    },
    "node_modules/url-parse-lax": {
      "version": "5.0.0",
      "resolved": "https://registry.npmjs.org/url-parse-lax/-/url-parse-lax-5.0.0.tgz",
      "integrity": "sha512-nb/3+jhgBfN5r9RAGTDzHAXLjmFsAJjPfwaLeI3GOlMj0iUT8wlxNw7KEDfUpoZGdTquT3jDEBxay3fKvkKc6w==",
      "dependencies": {
        "prepend-http": "^4.0.0"
      },
      "engines": {
        "node": "^12.20.0 || ^14.13.1 || >=16.0.0"
      },
      "funding": {
        "url": "https://github.com/sponsors/sindresorhus"
      }
    }
  }
}
